
Microsoft Visual Studio Solution File, Format Version 12.00
# Visual Studio 15
VisualStudioVersion = 15.0.28307.421
MinimumVisualStudioVersion = 10.0.40219.1
Project("{8BC9CEB8-8B4A-11D0-8D11-00A0C91BC942}") = "ticket_16", "ticket_16\ticket_16.vcxproj", "{DADAE490-CF84-480E-BE1F-FD7B197E24E2}"
EndProject
Global
	GlobalSection(SolutionConfigurationPlatforms) = preSolution
		Debug|x64 = Debug|x64
		Debug|x86 = Debug|x86
		Release|x64 = Release|x64
		Release|x86 = Release|x86
	EndGlobalSection
	GlobalSection(ProjectConfigurationPlatforms) = postSolution
		{DADAE490-CF84-480E-BE1F-FD7B197E24E2}.Debug|x64.ActiveCfg = Debug|x64
		{DADAE490-CF84-480E-BE1F-FD7B197E24E2}.Debug|x64.Build.0 = Debug|x64
		{DADAE490-CF84-480E-BE1F-FD7B197E24E2}.Debug|x86.ActiveCfg = Debug|Win32
		{DADAE490-CF84-480E-BE1F-FD7B197E24E2}.Debug|x86.Build.0 = Debug|Win32
		{DADAE490-CF84-480E-BE1F-FD7B197E24E2}.Release|x64.ActiveCfg = Release|x64
		{DADAE490-CF84-480E-BE1F-FD7B197E24E2}.Release|x64.Build.0 = Release|x64
		{DADAE490-CF84-480E-BE1F-FD7B197E24E2}.Release|x86.ActiveCfg = Release|Win32
		{DADAE490-CF84-480E-BE1F-FD7B197E24E2}.Release|x86.Build.0 = Release|Win32
	EndGlobalSection
	GlobalSection(SolutionProperties) = preSolution
		HideSolutionNode = FALSE
	EndGlobalSection
	GlobalSection(ExtensibilityGlobals) = postSolution
		SolutionGuid = {7BC0BFF0-9C93-478A-A562-7BE652FB6423}
	EndGlobalSection
EndGlobal
